// !$*UTF8*$!
{
	archiveVersion = 1;
	classes = {
	};
	objectVersion = 46;
	objects = {

/* Begin PBXBuildFile section */
		BE0BEA4B1A02678200EFAA53 /* PlaneAnimations.plist in Resources */ = {isa = PBXBuildFile; fileRef = BE0BEA4A1A02678200EFAA53 /* PlaneAnimations.plist */; };
		BE37C3941A11CA91006632FC /* Collectable.m in Sources */ = {isa = PBXBuildFile; fileRef = BE37C3931A11CA91006632FC /* Collectable.m */; };
		BE37C3971A11D5C5006632FC /* BitmapFontLabel.m in Sources */ = {isa = PBXBuildFile; fileRef = BE37C3961A11D5C5006632FC /* BitmapFontLabel.m */; };
		BE37C3991A11E32E006632FC /* TilesetGraphics.plist in Resources */ = {isa = PBXBuildFile; fileRef = BE37C3981A11E32E006632FC /* TilesetGraphics.plist */; };
		BE37C39C1A11E5BC006632FC /* TilesetTextureProvider.m in Sources */ = {isa = PBXBuildFile; fileRef = BE37C39B1A11E5BC006632FC /* TilesetTextureProvider.m */; };
		BE7343FF1A0D00BC00BB04B8 /* ScrollingNode.m in Sources */ = {isa = PBXBuildFile; fileRef = BE7343FE1A0D00BC00BB04B8 /* ScrollingNode.m */; };
		BE7344021A0D029900BB04B8 /* ScrollingLayer.m in Sources */ = {isa = PBXBuildFile; fileRef = BE7344011A0D029900BB04B8 /* ScrollingLayer.m */; };
		BE87D58E1A0B2E2100B1B2CA /* PlanePuffTrail.sks in Resources */ = {isa = PBXBuildFile; fileRef = BE87D58C1A0B2E2100B1B2CA /* PlanePuffTrail.sks */; };
		BE87D58F1A0B2E2100B1B2CA /* spark.png in Resources */ = {isa = PBXBuildFile; fileRef = BE87D58D1A0B2E2100B1B2CA /* spark.png */; };
		BEAC54471A01178E00823F1B /* main.m in Sources */ = {isa = PBXBuildFile; fileRef = BEAC54461A01178E00823F1B /* main.m */; };
		BEAC544A1A01178E00823F1B /* AppDelegate.m in Sources */ = {isa = PBXBuildFile; fileRef = BEAC54491A01178E00823F1B /* AppDelegate.m */; };
		BEAC54521A01178E00823F1B /* GameViewController.m in Sources */ = {isa = PBXBuildFile; fileRef = BEAC54511A01178E00823F1B /* GameViewController.m */; };
		BEAC54551A01178E00823F1B /* Main.storyboard in Resources */ = {isa = PBXBuildFile; fileRef = BEAC54531A01178E00823F1B /* Main.storyboard */; };
		BEAC54571A01178E00823F1B /* Images.xcassets in Resources */ = {isa = PBXBuildFile; fileRef = BEAC54561A01178E00823F1B /* Images.xcassets */; };
		BEAC545A1A01178E00823F1B /* LaunchScreen.xib in Resources */ = {isa = PBXBuildFile; fileRef = BEAC54581A01178E00823F1B /* LaunchScreen.xib */; };
		BEAC54661A01178E00823F1B /* TappyPlaneTests.m in Sources */ = {isa = PBXBuildFile; fileRef = BEAC54651A01178E00823F1B /* TappyPlaneTests.m */; };
		BEAC54711A0118C300823F1B /* LICENSE in Resources */ = {isa = PBXBuildFile; fileRef = BEAC546F1A0118C300823F1B /* LICENSE */; };
		BEAC54751A0119F800823F1B /* GameScene.m in Sources */ = {isa = PBXBuildFile; fileRef = BEAC54741A0119F800823F1B /* GameScene.m */; };
		BEAC54901A01288700823F1B /* Graphics.atlas in Resources */ = {isa = PBXBuildFile; fileRef = BEAC548F1A01288700823F1B /* Graphics.atlas */; };
		BEB78AD51A012FBA002D2CBF /* Plane.m in Sources */ = {isa = PBXBuildFile; fileRef = BEB78AD41A012FBA002D2CBF /* Plane.m */; };
		BEF829571A1129A5003EE93B /* Constants.m in Sources */ = {isa = PBXBuildFile; fileRef = BEF829561A1129A5003EE93B /* Constants.m */; };
		BEF8295A1A114900003EE93B /* ObstacleLayer.m in Sources */ = {isa = PBXBuildFile; fileRef = BEF829591A114900003EE93B /* ObstacleLayer.m */; };
/* End PBXBuildFile section */

/* Begin PBXContainerItemProxy section */
		BEAC54601A01178E00823F1B /* PBXContainerItemProxy */ = {
			isa = PBXContainerItemProxy;
			containerPortal = BEAC54391A01178E00823F1B /* Project object */;
			proxyType = 1;
			remoteGlobalIDString = BEAC54401A01178E00823F1B;
			remoteInfo = TappyPlane;
		};
/* End PBXContainerItemProxy section */

/* Begin PBXFileReference section */
		BE0BEA4A1A02678200EFAA53 /* PlaneAnimations.plist */ = {isa = PBXFileReference; fileEncoding = 4; lastKnownFileType = text.plist.xml; path = PlaneAnimations.plist; sourceTree = "<group>"; };
		BE37C3921A11CA91006632FC /* Collectable.h */ = {isa = PBXFileReference; fileEncoding = 4; lastKnownFileType = sourcecode.c.h; path = Collectable.h; sourceTree = "<group>"; };
		BE37C3931A11CA91006632FC /* Collectable.m */ = {isa = PBXFileReference; fileEncoding = 4; lastKnownFileType = sourcecode.c.objc; path = Collectable.m; sourceTree = "<group>"; };
		BE37C3951A11D5C5006632FC /* BitmapFontLabel.h */ = {isa = PBXFileReference; fileEncoding = 4; lastKnownFileType = sourcecode.c.h; path = BitmapFontLabel.h; sourceTree = "<group>"; };
		BE37C3961A11D5C5006632FC /* BitmapFontLabel.m */ = {isa = PBXFileReference; fileEncoding = 4; lastKnownFileType = sourcecode.c.objc; path = BitmapFontLabel.m; sourceTree = "<group>"; };
		BE37C3981A11E32E006632FC /* TilesetGraphics.plist */ = {isa = PBXFileReference; fileEncoding = 4; lastKnownFileType = text.plist.xml; path = TilesetGraphics.plist; sourceTree = "<group>"; };
		BE37C39A1A11E5BC006632FC /* TilesetTextureProvider.h */ = {isa = PBXFileReference; fileEncoding = 4; lastKnownFileType = sourcecode.c.h; path = TilesetTextureProvider.h; sourceTree = "<group>"; };
		BE37C39B1A11E5BC006632FC /* TilesetTextureProvider.m */ = {isa = PBXFileReference; fileEncoding = 4; lastKnownFileType = sourcecode.c.objc; path = TilesetTextureProvider.m; sourceTree = "<group>"; };
		BE7343FD1A0D00BC00BB04B8 /* ScrollingNode.h */ = {isa = PBXFileReference; fileEncoding = 4; lastKnownFileType = sourcecode.c.h; path = ScrollingNode.h; sourceTree = "<group>"; };
		BE7343FE1A0D00BC00BB04B8 /* ScrollingNode.m */ = {isa = PBXFileReference; fileEncoding = 4; lastKnownFileType = sourcecode.c.objc; path = ScrollingNode.m; sourceTree = "<group>"; };
		BE7344001A0D029900BB04B8 /* ScrollingLayer.h */ = {isa = PBXFileReference; fileEncoding = 4; lastKnownFileType = sourcecode.c.h; path = ScrollingLayer.h; sourceTree = "<group>"; };
		BE7344011A0D029900BB04B8 /* ScrollingLayer.m */ = {isa = PBXFileReference; fileEncoding = 4; lastKnownFileType = sourcecode.c.objc; path = ScrollingLayer.m; sourceTree = "<group>"; };
		BE87D58C1A0B2E2100B1B2CA /* PlanePuffTrail.sks */ = {isa = PBXFileReference; lastKnownFileType = file.sks; path = PlanePuffTrail.sks; sourceTree = "<group>"; };
		BE87D58D1A0B2E2100B1B2CA /* spark.png */ = {isa = PBXFileReference; lastKnownFileType = image.png; path = spark.png; sourceTree = "<group>"; };
		BEAC54411A01178E00823F1B /* TappyPlane.app */ = {isa = PBXFileReference; explicitFileType = wrapper.application; includeInIndex = 0; path = TappyPlane.app; sourceTree = BUILT_PRODUCTS_DIR; };
		BEAC54451A01178E00823F1B /* Info.plist */ = {isa = PBXFileReference; lastKnownFileType = text.plist.xml; path = Info.plist; sourceTree = "<group>"; };
		BEAC54461A01178E00823F1B /* main.m */ = {isa = PBXFileReference; lastKnownFileType = sourcecode.c.objc; path = main.m; sourceTree = "<group>"; };
		BEAC54481A01178E00823F1B /* AppDelegate.h */ = {isa = PBXFileReference; lastKnownFileType = sourcecode.c.h; path = AppDelegate.h; sourceTree = "<group>"; };
		BEAC54491A01178E00823F1B /* AppDelegate.m */ = {isa = PBXFileReference; lastKnownFileType = sourcecode.c.objc; path = AppDelegate.m; sourceTree = "<group>"; };
		BEAC54501A01178E00823F1B /* GameViewController.h */ = {isa = PBXFileReference; lastKnownFileType = sourcecode.c.h; path = GameViewController.h; sourceTree = "<group>"; };
		BEAC54511A01178E00823F1B /* GameViewController.m */ = {isa = PBXFileReference; lastKnownFileType = sourcecode.c.objc; path = GameViewController.m; sourceTree = "<group>"; };
		BEAC54541A01178E00823F1B /* Base */ = {isa = PBXFileReference; lastKnownFileType = file.storyboard; name = Base; path = Base.lproj/Main.storyboard; sourceTree = "<group>"; };
		BEAC54561A01178E00823F1B /* Images.xcassets */ = {isa = PBXFileReference; lastKnownFileType = folder.assetcatalog; path = Images.xcassets; sourceTree = "<group>"; };
		BEAC54591A01178E00823F1B /* Base */ = {isa = PBXFileReference; lastKnownFileType = file.xib; name = Base; path = Base.lproj/LaunchScreen.xib; sourceTree = "<group>"; };
		BEAC545F1A01178E00823F1B /* TappyPlaneTests.xctest */ = {isa = PBXFileReference; explicitFileType = wrapper.cfbundle; includeInIndex = 0; path = TappyPlaneTests.xctest; sourceTree = BUILT_PRODUCTS_DIR; };
		BEAC54641A01178E00823F1B /* Info.plist */ = {isa = PBXFileReference; lastKnownFileType = text.plist.xml; path = Info.plist; sourceTree = "<group>"; };
		BEAC54651A01178E00823F1B /* TappyPlaneTests.m */ = {isa = PBXFileReference; lastKnownFileType = sourcecode.c.objc; path = TappyPlaneTests.m; sourceTree = "<group>"; };
		BEAC546F1A0118C300823F1B /* LICENSE */ = {isa = PBXFileReference; fileEncoding = 4; lastKnownFileType = text; path = LICENSE; sourceTree = "<group>"; };
		BEAC54701A0118C300823F1B /* README.md */ = {isa = PBXFileReference; fileEncoding = 4; lastKnownFileType = net.daringfireball.markdown; path = README.md; sourceTree = "<group>"; };
		BEAC54731A0119F800823F1B /* GameScene.h */ = {isa = PBXFileReference; fileEncoding = 4; lastKnownFileType = sourcecode.c.h; path = GameScene.h; sourceTree = "<group>"; };
		BEAC54741A0119F800823F1B /* GameScene.m */ = {isa = PBXFileReference; fileEncoding = 4; lastKnownFileType = sourcecode.c.objc; path = GameScene.m; sourceTree = "<group>"; };
		BEAC548F1A01288700823F1B /* Graphics.atlas */ = {isa = PBXFileReference; lastKnownFileType = folder.skatlas; path = Graphics.atlas; sourceTree = "<group>"; };
		BEB78AD31A012FBA002D2CBF /* Plane.h */ = {isa = PBXFileReference; fileEncoding = 4; lastKnownFileType = sourcecode.c.h; path = Plane.h; sourceTree = "<group>"; };
		BEB78AD41A012FBA002D2CBF /* Plane.m */ = {isa = PBXFileReference; fileEncoding = 4; lastKnownFileType = sourcecode.c.objc; path = Plane.m; sourceTree = "<group>"; };
		BEF829551A1129A5003EE93B /* Constants.h */ = {isa = PBXFileReference; fileEncoding = 4; lastKnownFileType = sourcecode.c.h; path = Constants.h; sourceTree = "<group>"; };
		BEF829561A1129A5003EE93B /* Constants.m */ = {isa = PBXFileReference; fileEncoding = 4; lastKnownFileType = sourcecode.c.objc; path = Constants.m; sourceTree = "<group>"; };
		BEF829581A114900003EE93B /* ObstacleLayer.h */ = {isa = PBXFileReference; fileEncoding = 4; lastKnownFileType = sourcecode.c.h; path = ObstacleLayer.h; sourceTree = "<group>"; };
		BEF829591A114900003EE93B /* ObstacleLayer.m */ = {isa = PBXFileReference; fileEncoding = 4; lastKnownFileType = sourcecode.c.objc; path = ObstacleLayer.m; sourceTree = "<group>"; };
/* End PBXFileReference section */

/* Begin PBXFrameworksBuildPhase section */
		BEAC543E1A01178E00823F1B /* Frameworks */ = {
			isa = PBXFrameworksBuildPhase;
			buildActionMask = 2147483647;
			files = (
			);
			runOnlyForDeploymentPostprocessing = 0;
		};
		BEAC545C1A01178E00823F1B /* Frameworks */ = {
			isa = PBXFrameworksBuildPhase;
			buildActionMask = 2147483647;
			files = (
			);
			runOnlyForDeploymentPostprocessing = 0;
		};
/* End PBXFrameworksBuildPhase section */

/* Begin PBXGroup section */
		BE0BEA4C1A02692800EFAA53 /* Resources */ = {
			isa = PBXGroup;
			children = (
				BE37C3981A11E32E006632FC /* TilesetGraphics.plist */,
				BE0BEA4A1A02678200EFAA53 /* PlaneAnimations.plist */,
			);
			name = Resources;
			sourceTree = "<group>";
		};
		BE87D58B1A0B2DDF00B1B2CA /* Particle Effects */ = {
			isa = PBXGroup;
			children = (
				BE87D58C1A0B2E2100B1B2CA /* PlanePuffTrail.sks */,
				BE87D58D1A0B2E2100B1B2CA /* spark.png */,
			);
			name = "Particle Effects";
			sourceTree = "<group>";
		};
		BEAC54381A01178E00823F1B = {
			isa = PBXGroup;
			children = (
				BEAC546F1A0118C300823F1B /* LICENSE */,
				BEAC54701A0118C300823F1B /* README.md */,
				BEAC54431A01178E00823F1B /* TappyPlane */,
				BEAC54621A01178E00823F1B /* TappyPlaneTests */,
				BEAC54421A01178E00823F1B /* Products */,
			);
			sourceTree = "<group>";
		};
		BEAC54421A01178E00823F1B /* Products */ = {
			isa = PBXGroup;
			children = (
				BEAC54411A01178E00823F1B /* TappyPlane.app */,
				BEAC545F1A01178E00823F1B /* TappyPlaneTests.xctest */,
			);
			name = Products;
			sourceTree = "<group>";
		};
		BEAC54431A01178E00823F1B /* TappyPlane */ = {
			isa = PBXGroup;
			children = (
				BE87D58B1A0B2DDF00B1B2CA /* Particle Effects */,
				BE0BEA4C1A02692800EFAA53 /* Resources */,
				BEAC548F1A01288700823F1B /* Graphics.atlas */,
				BEF829551A1129A5003EE93B /* Constants.h */,
				BEF829561A1129A5003EE93B /* Constants.m */,
				BE37C39A1A11E5BC006632FC /* TilesetTextureProvider.h */,
				BE37C39B1A11E5BC006632FC /* TilesetTextureProvider.m */,
				BEAC54481A01178E00823F1B /* AppDelegate.h */,
				BEAC54491A01178E00823F1B /* AppDelegate.m */,
				BE37C3951A11D5C5006632FC /* BitmapFontLabel.h */,
				BE37C3961A11D5C5006632FC /* BitmapFontLabel.m */,
				BEAC54731A0119F800823F1B /* GameScene.h */,
				BEAC54741A0119F800823F1B /* GameScene.m */,
				BEAC54501A01178E00823F1B /* GameViewController.h */,
				BEAC54511A01178E00823F1B /* GameViewController.m */,
				BEB78AD31A012FBA002D2CBF /* Plane.h */,
				BEB78AD41A012FBA002D2CBF /* Plane.m */,
				BE37C3921A11CA91006632FC /* Collectable.h */,
				BE37C3931A11CA91006632FC /* Collectable.m */,
				BEAC54531A01178E00823F1B /* Main.storyboard */,
				BEF829581A114900003EE93B /* ObstacleLayer.h */,
				BEF829591A114900003EE93B /* ObstacleLayer.m */,
				BE7344001A0D029900BB04B8 /* ScrollingLayer.h */,
				BE7344011A0D029900BB04B8 /* ScrollingLayer.m */,
				BE7343FD1A0D00BC00BB04B8 /* ScrollingNode.h */,
				BE7343FE1A0D00BC00BB04B8 /* ScrollingNode.m */,
				BEAC54561A01178E00823F1B /* Images.xcassets */,
				BEAC54581A01178E00823F1B /* LaunchScreen.xib */,
				BEAC54441A01178E00823F1B /* Supporting Files */,
			);
			path = TappyPlane;
			sourceTree = "<group>";
		};
		BEAC54441A01178E00823F1B /* Supporting Files */ = {
			isa = PBXGroup;
			children = (
				BEAC54451A01178E00823F1B /* Info.plist */,
				BEAC54461A01178E00823F1B /* main.m */,
			);
			name = "Supporting Files";
			sourceTree = "<group>";
		};
		BEAC54621A01178E00823F1B /* TappyPlaneTests */ = {
			isa = PBXGroup;
			children = (
				BEAC54651A01178E00823F1B /* TappyPlaneTests.m */,
				BEAC54631A01178E00823F1B /* Supporting Files */,
			);
			path = TappyPlaneTests;
			sourceTree = "<group>";
		};
		BEAC54631A01178E00823F1B /* Supporting Files */ = {
			isa = PBXGroup;
			children = (
				BEAC54641A01178E00823F1B /* Info.plist */,
			);
			name = "Supporting Files";
			sourceTree = "<group>";
		};
/* End PBXGroup section */

/* Begin PBXNativeTarget section */
		BEAC54401A01178E00823F1B /* TappyPlane */ = {
			isa = PBXNativeTarget;
			buildConfigurationList = BEAC54691A01178E00823F1B /* Build configuration list for PBXNativeTarget "TappyPlane" */;
			buildPhases = (
				BEAC543D1A01178E00823F1B /* Sources */,
				BEAC543E1A01178E00823F1B /* Frameworks */,
				BEAC543F1A01178E00823F1B /* Resources */,
			);
			buildRules = (
			);
			dependencies = (
			);
			name = TappyPlane;
			productName = TappyPlane;
			productReference = BEAC54411A01178E00823F1B /* TappyPlane.app */;
			productType = "com.apple.product-type.application";
		};
		BEAC545E1A01178E00823F1B /* TappyPlaneTests */ = {
			isa = PBXNativeTarget;
			buildConfigurationList = BEAC546C1A01178E00823F1B /* Build configuration list for PBXNativeTarget "TappyPlaneTests" */;
			buildPhases = (
				BEAC545B1A01178E00823F1B /* Sources */,
				BEAC545C1A01178E00823F1B /* Frameworks */,
				BEAC545D1A01178E00823F1B /* Resources */,
			);
			buildRules = (
			);
			dependencies = (
				BEAC54611A01178E00823F1B /* PBXTargetDependency */,
			);
			name = TappyPlaneTests;
			productName = TappyPlaneTests;
			productReference = BEAC545F1A01178E00823F1B /* TappyPlaneTests.xctest */;
			productType = "com.apple.product-type.bundle.unit-test";
		};
/* End PBXNativeTarget section */

/* Begin PBXProject section */
		BEAC54391A01178E00823F1B /* Project object */ = {
			isa = PBXProject;
			attributes = {
				LastUpgradeCheck = 0610;
				ORGANIZATIONNAME = "Kenneth Wilcox";
				TargetAttributes = {
					BEAC54401A01178E00823F1B = {
						CreatedOnToolsVersion = 6.1;
					};
					BEAC545E1A01178E00823F1B = {
						CreatedOnToolsVersion = 6.1;
						TestTargetID = BEAC54401A01178E00823F1B;
					};
				};
			};
			buildConfigurationList = BEAC543C1A01178E00823F1B /* Build configuration list for PBXProject "TappyPlane" */;
			compatibilityVersion = "Xcode 3.2";
			developmentRegion = English;
			hasScannedForEncodings = 0;
			knownRegions = (
				en,
				Base,
			);
			mainGroup = BEAC54381A01178E00823F1B;
			productRefGroup = BEAC54421A01178E00823F1B /* Products */;
			projectDirPath = "";
			projectRoot = "";
			targets = (
				BEAC54401A01178E00823F1B /* TappyPlane */,
				BEAC545E1A01178E00823F1B /* TappyPlaneTests */,
			);
		};
/* End PBXProject section */

/* Begin PBXResourcesBuildPhase section */
		BEAC543F1A01178E00823F1B /* Resources */ = {
			isa = PBXResourcesBuildPhase;
			buildActionMask = 2147483647;
			files = (
				BEAC545A1A01178E00823F1B /* LaunchScreen.xib in Resources */,
				BE37C3991A11E32E006632FC /* TilesetGraphics.plist in Resources */,
				BEAC54571A01178E00823F1B /* Images.xcassets in Resources */,
				BEAC54551A01178E00823F1B /* Main.storyboard in Resources */,
				BEAC54901A01288700823F1B /* Graphics.atlas in Resources */,
				BE0BEA4B1A02678200EFAA53 /* PlaneAnimations.plist in Resources */,
				BE87D58F1A0B2E2100B1B2CA /* spark.png in Resources */,
				BE87D58E1A0B2E2100B1B2CA /* PlanePuffTrail.sks in Resources */,
				BEAC54711A0118C300823F1B /* LICENSE in Resources */,
			);
			runOnlyForDeploymentPostprocessing = 0;
		};
		BEAC545D1A01178E00823F1B /* Resources */ = {
			isa = PBXResourcesBuildPhase;
			buildActionMask = 2147483647;
			files = (
			);
			runOnlyForDeploymentPostprocessing = 0;
		};
/* End PBXResourcesBuildPhase section */

/* Begin PBXSourcesBuildPhase section */
		BEAC543D1A01178E00823F1B /* Sources */ = {
			isa = PBXSourcesBuildPhase;
			buildActionMask = 2147483647;
			files = (
				BEF8295A1A114900003EE93B /* ObstacleLayer.m in Sources */,
				BEAC54521A01178E00823F1B /* GameViewController.m in Sources */,
				BEAC544A1A01178E00823F1B /* AppDelegate.m in Sources */,
				BE7344021A0D029900BB04B8 /* ScrollingLayer.m in Sources */,
				BEF829571A1129A5003EE93B /* Constants.m in Sources */,
				BEB78AD51A012FBA002D2CBF /* Plane.m in Sources */,
				BE37C3941A11CA91006632FC /* Collectable.m in Sources */,
				BEAC54751A0119F800823F1B /* GameScene.m in Sources */,
				BEAC54471A01178E00823F1B /* main.m in Sources */,
				BE37C39C1A11E5BC006632FC /* TilesetTextureProvider.m in Sources */,
				BE7343FF1A0D00BC00BB04B8 /* ScrollingNode.m in Sources */,
				BE37C3971A11D5C5006632FC /* BitmapFontLabel.m in Sources */,
			);
			runOnlyForDeploymentPostprocessing = 0;
		};
		BEAC545B1A01178E00823F1B /* Sources */ = {
			isa = PBXSourcesBuildPhase;
			buildActionMask = 2147483647;
			files = (
				BEAC54661A01178E00823F1B /* TappyPlaneTests.m in Sources */,
			);
			runOnlyForDeploymentPostprocessing = 0;
		};
/* End PBXSourcesBuildPhase section */

/* Begin PBXTargetDependency section */
		BEAC54611A01178E00823F1B /* PBXTargetDependency */ = {
			isa = PBXTargetDependency;
			target = BEAC54401A01178E00823F1B /* TappyPlane */;
			targetProxy = BEAC54601A01178E00823F1B /* PBXContainerItemProxy */;
		};
/* End PBXTargetDependency section */

/* Begin PBXVariantGroup section */
		BEAC54531A01178E00823F1B /* Main.storyboard */ = {
			isa = PBXVariantGroup;
			children = (
				BEAC54541A01178E00823F1B /* Base */,
			);
			name = Main.storyboard;
			sourceTree = "<group>";
		};
		BEAC54581A01178E00823F1B /* LaunchScreen.xib */ = {
			isa = PBXVariantGroup;
			children = (
				BEAC54591A01178E00823F1B /* Base */,
			);
			name = LaunchScreen.xib;
			sourceTree = "<group>";
		};
/* End PBXVariantGroup section */

/* Begin XCBuildConfiguration section */
		BEAC54671A01178E00823F1B /* Debug */ = {
			isa = XCBuildConfiguration;
			buildSettings = {
				ALWAYS_SEARCH_USER_PATHS = NO;
				CLANG_CXX_LANGUAGE_STANDARD = "gnu++0x";
				CLANG_CXX_LIBRARY = "libc++";
				CLANG_ENABLE_MODULES = YES;
				CLANG_ENABLE_OBJC_ARC = YES;
				CLANG_WARN_BOOL_CONVERSION = YES;
				CLANG_WARN_CONSTANT_CONVERSION = YES;
				CLANG_WARN_DIRECT_OBJC_ISA_USAGE = YES_ERROR;
				CLANG_WARN_EMPTY_BODY = YES;
				CLANG_WARN_ENUM_CONVERSION = YES;
				CLANG_WARN_INT_CONVERSION = YES;
				CLANG_WARN_OBJC_ROOT_CLASS = YES_ERROR;
				CLANG_WARN_UNREACHABLE_CODE = YES;
				CLANG_WARN__DUPLICATE_METHOD_MATCH = YES;
				"CODE_SIGN_IDENTITY[sdk=iphoneos*]" = "iPhone Developer";
				COPY_PHASE_STRIP = NO;
				ENABLE_STRICT_OBJC_MSGSEND = YES;
				GCC_C_LANGUAGE_STANDARD = gnu99;
				GCC_DYNAMIC_NO_PIC = NO;
				GCC_OPTIMIZATION_LEVEL = 0;
				GCC_PREPROCESSOR_DEFINITIONS = (
					"DEBUG=1",
					"$(inherited)",
				);
				GCC_SYMBOLS_PRIVATE_EXTERN = NO;
				GCC_WARN_64_TO_32_BIT_CONVERSION = YES;
				GCC_WARN_ABOUT_RETURN_TYPE = YES_ERROR;
				GCC_WARN_UNDECLARED_SELECTOR = YES;
				GCC_WARN_UNINITIALIZED_AUTOS = YES_AGGRESSIVE;
				GCC_WARN_UNUSED_FUNCTION = YES;
				GCC_WARN_UNUSED_VARIABLE = YES;
				IPHONEOS_DEPLOYMENT_TARGET = 8.1;
				MTL_ENABLE_DEBUG_INFO = YES;
				ONLY_ACTIVE_ARCH = YES;
				SDKROOT = iphoneos;
			};
			name = Debug;
		};
		BEAC54681A01178E00823F1B /* Release */ = {
			isa = XCBuildConfiguration;
			buildSettings = {
				ALWAYS_SEARCH_USER_PATHS = NO;
				CLANG_CXX_LANGUAGE_STANDARD = "gnu++0x";
				CLANG_CXX_LIBRARY = "libc++";
				CLANG_ENABLE_MODULES = YES;
				CLANG_ENABLE_OBJC_ARC = YES;
				CLANG_WARN_BOOL_CONVERSION = YES;
				CLANG_WARN_CONSTANT_CONVERSION = YES;
				CLANG_WARN_DIRECT_OBJC_ISA_USAGE = YES_ERROR;
				CLANG_WARN_EMPTY_BODY = YES;
				CLANG_WARN_ENUM_CONVERSION = YES;
				CLANG_WARN_INT_CONVERSION = YES;
				CLANG_WARN_OBJC_ROOT_CLASS = YES_ERROR;
				CLANG_WARN_UNREACHABLE_CODE = YES;
				CLANG_WARN__DUPLICATE_METHOD_MATCH = YES;
				"CODE_SIGN_IDENTITY[sdk=iphoneos*]" = "iPhone Developer";
				COPY_PHASE_STRIP = YES;
				ENABLE_NS_ASSERTIONS = NO;
				ENABLE_STRICT_OBJC_MSGSEND = YES;
				GCC_C_LANGUAGE_STANDARD = gnu99;
				GCC_WARN_64_TO_32_BIT_CONVERSION = YES;
				GCC_WARN_ABOUT_RETURN_TYPE = YES_ERROR;
				GCC_WARN_UNDECLARED_SELECTOR = YES;
				GCC_WARN_UNINITIALIZED_AUTOS = YES_AGGRESSIVE;
				GCC_WARN_UNUSED_FUNCTION = YES;
				GCC_WARN_UNUSED_VARIABLE = YES;
				IPHONEOS_DEPLOYMENT_TARGET = 8.1;
				MTL_ENABLE_DEBUG_INFO = NO;
				SDKROOT = iphoneos;
				VALIDATE_PRODUCT = YES;
			};
			name = Release;
		};
		BEAC546A1A01178E00823F1B /* Debug */ = {
			isa = XCBuildConfiguration;
			buildSettings = {
				ASSETCATALOG_COMPILER_APPICON_NAME = AppIcon;
				GCC_PREPROCESSOR_DEFINITIONS = (
					"DEBUG=1",
					"FLAP=1",
					"$(inherited)",
				);
				INFOPLIST_FILE = "$(SRCROOT)/TappyPlane/Info.plist";
				LD_RUNPATH_SEARCH_PATHS = "$(inherited) @executable_path/Frameworks";
				PRODUCT_NAME = TappyPlane;
			};
			name = Debug;
		};
		BEAC546B1A01178E00823F1B /* Release */ = {
			isa = XCBuildConfiguration;
			buildSettings = {
				ASSETCATALOG_COMPILER_APPICON_NAME = AppIcon;
				GCC_PREPROCESSOR_DEFINITIONS = "FLAP=1";
				INFOPLIST_FILE = "$(SRCROOT)/TappyPlane/Info.plist";
				LD_RUNPATH_SEARCH_PATHS = "$(inherited) @executable_path/Frameworks";
				PRODUCT_NAME = TappyPlane;
			};
			name = Release;
		};
		BEAC546D1A01178E00823F1B /* Debug */ = {
			isa = XCBuildConfiguration;
			buildSettings = {
				BUNDLE_LOADER = "$(TEST_HOST)";
				FRAMEWORK_SEARCH_PATHS = (
					"$(SDKROOT)/Developer/Library/Frameworks",
					"$(inherited)",
				);
				GCC_PREPROCESSOR_DEFINITIONS = (
					"DEBUG=1",
					"$(inherited)",
				);
				INFOPLIST_FILE = TappyPlaneTests/Info.plist;
				LD_RUNPATH_SEARCH_PATHS = "$(inherited) @executable_path/Frameworks @loader_path/Frameworks";
				PRODUCT_NAME = TappyPlaneTests;
				TEST_HOST = "$(BUILT_PRODUCTS_DIR)/TappyPlane.app/TappyPlane";
			};
			name = Debug;
		};
		BEAC546E1A01178E00823F1B /* Release */ = {
			isa = XCBuildConfiguration;
			buildSettings = {
				BUNDLE_LOADER = "$(TEST_HOST)";
				FRAMEWORK_SEARCH_PATHS = (
					"$(SDKROOT)/Developer/Library/Frameworks",
					"$(inherited)",
				);
				INFOPLIST_FILE = TappyPlaneTests/Info.plist;
				LD_RUNPATH_SEARCH_PATHS = "$(inherited) @executable_path/Frameworks @loader_path/Frameworks";
				PRODUCT_NAME = TappyPlaneTests;
				TEST_HOST = "$(BUILT_PRODUCTS_DIR)/TappyPlane.app/TappyPlane";
			};
			name = Release;
		};
/* End XCBuildConfiguration section */

/* Begin XCConfigurationList section */
		BEAC543C1A01178E00823F1B /* Build configuration list for PBXProject "TappyPlane" */ = {
			isa = XCConfigurationList;
			buildConfigurations = (
				BEAC54671A01178E00823F1B /* Debug */,
				BEAC54681A01178E00823F1B /* Release */,
			);
			defaultConfigurationIsVisible = 0;
			defaultConfigurationName = Release;
		};
		BEAC54691A01178E00823F1B /* Build configuration list for PBXNativeTarget "TappyPlane" */ = {
			isa = XCConfigurationList;
			buildConfigurations = (
				BEAC546A1A01178E00823F1B /* Debug */,
				BEAC546B1A01178E00823F1B /* Release */,
			);
			defaultConfigurationIsVisible = 0;
			defaultConfigurationName = Release;
		};
		BEAC546C1A01178E00823F1B /* Build configuration list for PBXNativeTarget "TappyPlaneTests" */ = {
			isa = XCConfigurationList;
			buildConfigurations = (
				BEAC546D1A01178E00823F1B /* Debug */,
				BEAC546E1A01178E00823F1B /* Release */,
			);
			defaultConfigurationIsVisible = 0;
			defaultConfigurationName = Release;
		};
/* End XCConfigurationList section */
	};
	rootObject = BEAC54391A01178E00823F1B /* Project object */;
}
