// !$*UTF8*$!
{
	archiveVersion = 1;
	classes = {
	};
	objectVersion = 46;
	objects = {

/* Begin PBXBuildFile section */
		BEAC54471A01178E00823F1B /* main.m in Sources */ = {isa = PBXBuildFile; fileRef = BEAC54461A01178E00823F1B /* main.m */; };
		BEAC544A1A01178E00823F1B /* AppDelegate.m in Sources */ = {isa = PBXBuildFile; fileRef = BEAC54491A01178E00823F1B /* AppDelegate.m */; };
		BEAC544D1A01178E00823F1B /* GameScene.m in Sources */ = {isa = PBXBuildFile; fileRef = BEAC544C1A01178E00823F1B /* GameScene.m */; };
		BEAC544F1A01178E00823F1B /* GameScene.sks in Resources */ = {isa = PBXBuildFile; fileRef = BEAC544E1A01178E00823F1B /* GameScene.sks */; };
		BEAC54521A01178E00823F1B /* GameViewController.m in Sources */ = {isa = PBXBuildFile; fileRef = BEAC54511A01178E00823F1B /* GameViewController.m */; };
		BEAC54551A01178E00823F1B /* Main.storyboard in Resources */ = {isa = PBXBuildFile; fileRef = BEAC54531A01178E00823F1B /* Main.storyboard */; };
		BEAC54571A01178E00823F1B /* Images.xcassets in Resources */ = {isa = PBXBuildFile; fileRef = BEAC54561A01178E00823F1B /* Images.xcassets */; };
		BEAC545A1A01178E00823F1B /* LaunchScreen.xib in Resources */ = {isa = PBXBuildFile; fileRef = BEAC54581A01178E00823F1B /* LaunchScreen.xib */; };
		BEAC54661A01178E00823F1B /* FlappyPlaneTests.m in Sources */ = {isa = PBXBuildFile; fileRef = BEAC54651A01178E00823F1B /* FlappyPlaneTests.m */; };
/* End PBXBuildFile section */

/* Begin PBXContainerItemProxy section */
		BEAC54601A01178E00823F1B /* PBXContainerItemProxy */ = {
			isa = PBXContainerItemProxy;
			containerPortal = BEAC54391A01178E00823F1B /* Project object */;
			proxyType = 1;
			remoteGlobalIDString = BEAC54401A01178E00823F1B;
			remoteInfo = FlappyPlane;
		};
/* End PBXContainerItemProxy section */

/* Begin PBXFileReference section */
		BEAC54411A01178E00823F1B /* FlappyPlane.app */ = {isa = PBXFileReference; explicitFileType = wrapper.application; includeInIndex = 0; path = FlappyPlane.app; sourceTree = BUILT_PRODUCTS_DIR; };
		BEAC54451A01178E00823F1B /* Info.plist */ = {isa = PBXFileReference; lastKnownFileType = text.plist.xml; path = Info.plist; sourceTree = "<group>"; };
		BEAC54461A01178E00823F1B /* main.m */ = {isa = PBXFileReference; lastKnownFileType = sourcecode.c.objc; path = main.m; sourceTree = "<group>"; };
		BEAC54481A01178E00823F1B /* AppDelegate.h */ = {isa = PBXFileReference; lastKnownFileType = sourcecode.c.h; path = AppDelegate.h; sourceTree = "<group>"; };
		BEAC54491A01178E00823F1B /* AppDelegate.m */ = {isa = PBXFileReference; lastKnownFileType = sourcecode.c.objc; path = AppDelegate.m; sourceTree = "<group>"; };
		BEAC544B1A01178E00823F1B /* GameScene.h */ = {isa = PBXFileReference; lastKnownFileType = sourcecode.c.h; path = GameScene.h; sourceTree = "<group>"; };
		BEAC544C1A01178E00823F1B /* GameScene.m */ = {isa = PBXFileReference; lastKnownFileType = sourcecode.c.objc; path = GameScene.m; sourceTree = "<group>"; };
		BEAC544E1A01178E00823F1B /* GameScene.sks */ = {isa = PBXFileReference; lastKnownFileType = file.sks; path = GameScene.sks; sourceTree = "<group>"; };
		BEAC54501A01178E00823F1B /* GameViewController.h */ = {isa = PBXFileReference; lastKnownFileType = sourcecode.c.h; path = GameViewController.h; sourceTree = "<group>"; };
		BEAC54511A01178E00823F1B /* GameViewController.m */ = {isa = PBXFileReference; lastKnownFileType = sourcecode.c.objc; path = GameViewController.m; sourceTree = "<group>"; };
		BEAC54541A01178E00823F1B /* Base */ = {isa = PBXFileReference; lastKnownFileType = file.storyboard; name = Base; path = Base.lproj/Main.storyboard; sourceTree = "<group>"; };
		BEAC54561A01178E00823F1B /* Images.xcassets */ = {isa = PBXFileReference; lastKnownFileType = folder.assetcatalog; path = Images.xcassets; sourceTree = "<group>"; };
		BEAC54591A01178E00823F1B /* Base */ = {isa = PBXFileReference; lastKnownFileType = file.xib; name = Base; path = Base.lproj/LaunchScreen.xib; sourceTree = "<group>"; };
		BEAC545F1A01178E00823F1B /* FlappyPlaneTests.xctest */ = {isa = PBXFileReference; explicitFileType = wrapper.cfbundle; includeInIndex = 0; path = FlappyPlaneTests.xctest; sourceTree = BUILT_PRODUCTS_DIR; };
		BEAC54641A01178E00823F1B /* Info.plist */ = {isa = PBXFileReference; lastKnownFileType = text.plist.xml; path = Info.plist; sourceTree = "<group>"; };
		BEAC54651A01178E00823F1B /* FlappyPlaneTests.m */ = {isa = PBXFileReference; lastKnownFileType = sourcecode.c.objc; path = FlappyPlaneTests.m; sourceTree = "<group>"; };
/* End PBXFileReference section */

/* Begin PBXFrameworksBuildPhase section */
		BEAC543E1A01178E00823F1B /* Frameworks */ = {
			isa = PBXFrameworksBuildPhase;
			buildActionMask = 2147483647;
			files = (
			);
			runOnlyForDeploymentPostprocessing = 0;
		};
		BEAC545C1A01178E00823F1B /* Frameworks */ = {
			isa = PBXFrameworksBuildPhase;
			buildActionMask = 2147483647;
			files = (
			);
			runOnlyForDeploymentPostprocessing = 0;
		};
/* End PBXFrameworksBuildPhase section */

/* Begin PBXGroup section */
		BEAC54381A01178E00823F1B = {
			isa = PBXGroup;
			children = (
				BEAC54431A01178E00823F1B /* FlappyPlane */,
				BEAC54621A01178E00823F1B /* FlappyPlaneTests */,
				BEAC54421A01178E00823F1B /* Products */,
			);
			sourceTree = "<group>";
		};
		BEAC54421A01178E00823F1B /* Products */ = {
			isa = PBXGroup;
			children = (
				BEAC54411A01178E00823F1B /* FlappyPlane.app */,
				BEAC545F1A01178E00823F1B /* FlappyPlaneTests.xctest */,
			);
			name = Products;
			sourceTree = "<group>";
		};
		BEAC54431A01178E00823F1B /* FlappyPlane */ = {
			isa = PBXGroup;
			children = (
				BEAC54481A01178E00823F1B /* AppDelegate.h */,
				BEAC54491A01178E00823F1B /* AppDelegate.m */,
				BEAC544B1A01178E00823F1B /* GameScene.h */,
				BEAC544C1A01178E00823F1B /* GameScene.m */,
				BEAC544E1A01178E00823F1B /* GameScene.sks */,
				BEAC54501A01178E00823F1B /* GameViewController.h */,
				BEAC54511A01178E00823F1B /* GameViewController.m */,
				BEAC54531A01178E00823F1B /* Main.storyboard */,
				BEAC54561A01178E00823F1B /* Images.xcassets */,
				BEAC54581A01178E00823F1B /* LaunchScreen.xib */,
				BEAC54441A01178E00823F1B /* Supporting Files */,
			);
			path = FlappyPlane;
			sourceTree = "<group>";
		};
		BEAC54441A01178E00823F1B /* Supporting Files */ = {
			isa = PBXGroup;
			children = (
				BEAC54451A01178E00823F1B /* Info.plist */,
				BEAC54461A01178E00823F1B /* main.m */,
			);
			name = "Supporting Files";
			sourceTree = "<group>";
		};
		BEAC54621A01178E00823F1B /* FlappyPlaneTests */ = {
			isa = PBXGroup;
			children = (
				BEAC54651A01178E00823F1B /* FlappyPlaneTests.m */,
				BEAC54631A01178E00823F1B /* Supporting Files */,
			);
			path = FlappyPlaneTests;
			sourceTree = "<group>";
		};
		BEAC54631A01178E00823F1B /* Supporting Files */ = {
			isa = PBXGroup;
			children = (
				BEAC54641A01178E00823F1B /* Info.plist */,
			);
			name = "Supporting Files";
			sourceTree = "<group>";
		};
/* End PBXGroup section */

/* Begin PBXNativeTarget section */
		BEAC54401A01178E00823F1B /* FlappyPlane */ = {
			isa = PBXNativeTarget;
			buildConfigurationList = BEAC54691A01178E00823F1B /* Build configuration list for PBXNativeTarget "FlappyPlane" */;
			buildPhases = (
				BEAC543D1A01178E00823F1B /* Sources */,
				BEAC543E1A01178E00823F1B /* Frameworks */,
				BEAC543F1A01178E00823F1B /* Resources */,
			);
			buildRules = (
			);
			dependencies = (
			);
			name = FlappyPlane;
			productName = FlappyPlane;
			productReference = BEAC54411A01178E00823F1B /* FlappyPlane.app */;
			productType = "com.apple.product-type.application";
		};
		BEAC545E1A01178E00823F1B /* FlappyPlaneTests */ = {
			isa = PBXNativeTarget;
			buildConfigurationList = BEAC546C1A01178E00823F1B /* Build configuration list for PBXNativeTarget "FlappyPlaneTests" */;
			buildPhases = (
				BEAC545B1A01178E00823F1B /* Sources */,
				BEAC545C1A01178E00823F1B /* Frameworks */,
				BEAC545D1A01178E00823F1B /* Resources */,
			);
			buildRules = (
			);
			dependencies = (
				BEAC54611A01178E00823F1B /* PBXTargetDependency */,
			);
			name = FlappyPlaneTests;
			productName = FlappyPlaneTests;
			productReference = BEAC545F1A01178E00823F1B /* FlappyPlaneTests.xctest */;
			productType = "com.apple.product-type.bundle.unit-test";
		};
/* End PBXNativeTarget section */

/* Begin PBXProject section */
		BEAC54391A01178E00823F1B /* Project object */ = {
			isa = PBXProject;
			attributes = {
				LastUpgradeCheck = 0610;
				ORGANIZATIONNAME = "Kenneth Wilcox";
				TargetAttributes = {
					BEAC54401A01178E00823F1B = {
						CreatedOnToolsVersion = 6.1;
					};
					BEAC545E1A01178E00823F1B = {
						CreatedOnToolsVersion = 6.1;
						TestTargetID = BEAC54401A01178E00823F1B;
					};
				};
			};
			buildConfigurationList = BEAC543C1A01178E00823F1B /* Build configuration list for PBXProject "FlappyPlane" */;
			compatibilityVersion = "Xcode 3.2";
			developmentRegion = English;
			hasScannedForEncodings = 0;
			knownRegions = (
				en,
				Base,
			);
			mainGroup = BEAC54381A01178E00823F1B;
			productRefGroup = BEAC54421A01178E00823F1B /* Products */;
			projectDirPath = "";
			projectRoot = "";
			targets = (
				BEAC54401A01178E00823F1B /* FlappyPlane */,
				BEAC545E1A01178E00823F1B /* FlappyPlaneTests */,
			);
		};
/* End PBXProject section */

/* Begin PBXResourcesBuildPhase section */
		BEAC543F1A01178E00823F1B /* Resources */ = {
			isa = PBXResourcesBuildPhase;
			buildActionMask = 2147483647;
			files = (
				BEAC545A1A01178E00823F1B /* LaunchScreen.xib in Resources */,
				BEAC54571A01178E00823F1B /* Images.xcassets in Resources */,
				BEAC544F1A01178E00823F1B /* GameScene.sks in Resources */,
				BEAC54551A01178E00823F1B /* Main.storyboard in Resources */,
			);
			runOnlyForDeploymentPostprocessing = 0;
		};
		BEAC545D1A01178E00823F1B /* Resources */ = {
			isa = PBXResourcesBuildPhase;
			buildActionMask = 2147483647;
			files = (
			);
			runOnlyForDeploymentPostprocessing = 0;
		};
/* End PBXResourcesBuildPhase section */

/* Begin PBXSourcesBuildPhase section */
		BEAC543D1A01178E00823F1B /* Sources */ = {
			isa = PBXSourcesBuildPhase;
			buildActionMask = 2147483647;
			files = (
				BEAC54521A01178E00823F1B /* GameViewController.m in Sources */,
				BEAC544A1A01178E00823F1B /* AppDelegate.m in Sources */,
				BEAC544D1A01178E00823F1B /* GameScene.m in Sources */,
				BEAC54471A01178E00823F1B /* main.m in Sources */,
			);
			runOnlyForDeploymentPostprocessing = 0;
		};
		BEAC545B1A01178E00823F1B /* Sources */ = {
			isa = PBXSourcesBuildPhase;
			buildActionMask = 2147483647;
			files = (
				BEAC54661A01178E00823F1B /* FlappyPlaneTests.m in Sources */,
			);
			runOnlyForDeploymentPostprocessing = 0;
		};
/* End PBXSourcesBuildPhase section */

/* Begin PBXTargetDependency section */
		BEAC54611A01178E00823F1B /* PBXTargetDependency */ = {
			isa = PBXTargetDependency;
			target = BEAC54401A01178E00823F1B /* FlappyPlane */;
			targetProxy = BEAC54601A01178E00823F1B /* PBXContainerItemProxy */;
		};
/* End PBXTargetDependency section */

/* Begin PBXVariantGroup section */
		BEAC54531A01178E00823F1B /* Main.storyboard */ = {
			isa = PBXVariantGroup;
			children = (
				BEAC54541A01178E00823F1B /* Base */,
			);
			name = Main.storyboard;
			sourceTree = "<group>";
		};
		BEAC54581A01178E00823F1B /* LaunchScreen.xib */ = {
			isa = PBXVariantGroup;
			children = (
				BEAC54591A01178E00823F1B /* Base */,
			);
			name = LaunchScreen.xib;
			sourceTree = "<group>";
		};
/* End PBXVariantGroup section */

/* Begin XCBuildConfiguration section */
		BEAC54671A01178E00823F1B /* Debug */ = {
			isa = XCBuildConfiguration;
			buildSettings = {
				ALWAYS_SEARCH_USER_PATHS = NO;
				CLANG_CXX_LANGUAGE_STANDARD = "gnu++0x";
				CLANG_CXX_LIBRARY = "libc++";
				CLANG_ENABLE_MODULES = YES;
				CLANG_ENABLE_OBJC_ARC = YES;
				CLANG_WARN_BOOL_CONVERSION = YES;
				CLANG_WARN_CONSTANT_CONVERSION = YES;
				CLANG_WARN_DIRECT_OBJC_ISA_USAGE = YES_ERROR;
				CLANG_WARN_EMPTY_BODY = YES;
				CLANG_WARN_ENUM_CONVERSION = YES;
				CLANG_WARN_INT_CONVERSION = YES;
				CLANG_WARN_OBJC_ROOT_CLASS = YES_ERROR;
				CLANG_WARN_UNREACHABLE_CODE = YES;
				CLANG_WARN__DUPLICATE_METHOD_MATCH = YES;
				"CODE_SIGN_IDENTITY[sdk=iphoneos*]" = "iPhone Developer";
				COPY_PHASE_STRIP = NO;
				ENABLE_STRICT_OBJC_MSGSEND = YES;
				GCC_C_LANGUAGE_STANDARD = gnu99;
				GCC_DYNAMIC_NO_PIC = NO;
				GCC_OPTIMIZATION_LEVEL = 0;
				GCC_PREPROCESSOR_DEFINITIONS = (
					"DEBUG=1",
					"$(inherited)",
				);
				GCC_SYMBOLS_PRIVATE_EXTERN = NO;
				GCC_WARN_64_TO_32_BIT_CONVERSION = YES;
				GCC_WARN_ABOUT_RETURN_TYPE = YES_ERROR;
				GCC_WARN_UNDECLARED_SELECTOR = YES;
				GCC_WARN_UNINITIALIZED_AUTOS = YES_AGGRESSIVE;
				GCC_WARN_UNUSED_FUNCTION = YES;
				GCC_WARN_UNUSED_VARIABLE = YES;
				IPHONEOS_DEPLOYMENT_TARGET = 8.1;
				MTL_ENABLE_DEBUG_INFO = YES;
				ONLY_ACTIVE_ARCH = YES;
				SDKROOT = iphoneos;
			};
			name = Debug;
		};
		BEAC54681A01178E00823F1B /* Release */ = {
			isa = XCBuildConfiguration;
			buildSettings = {
				ALWAYS_SEARCH_USER_PATHS = NO;
				CLANG_CXX_LANGUAGE_STANDARD = "gnu++0x";
				CLANG_CXX_LIBRARY = "libc++";
				CLANG_ENABLE_MODULES = YES;
				CLANG_ENABLE_OBJC_ARC = YES;
				CLANG_WARN_BOOL_CONVERSION = YES;
				CLANG_WARN_CONSTANT_CONVERSION = YES;
				CLANG_WARN_DIRECT_OBJC_ISA_USAGE = YES_ERROR;
				CLANG_WARN_EMPTY_BODY = YES;
				CLANG_WARN_ENUM_CONVERSION = YES;
				CLANG_WARN_INT_CONVERSION = YES;
				CLANG_WARN_OBJC_ROOT_CLASS = YES_ERROR;
				CLANG_WARN_UNREACHABLE_CODE = YES;
				CLANG_WARN__DUPLICATE_METHOD_MATCH = YES;
				"CODE_SIGN_IDENTITY[sdk=iphoneos*]" = "iPhone Developer";
				COPY_PHASE_STRIP = YES;
				ENABLE_NS_ASSERTIONS = NO;
				ENABLE_STRICT_OBJC_MSGSEND = YES;
				GCC_C_LANGUAGE_STANDARD = gnu99;
				GCC_WARN_64_TO_32_BIT_CONVERSION = YES;
				GCC_WARN_ABOUT_RETURN_TYPE = YES_ERROR;
				GCC_WARN_UNDECLARED_SELECTOR = YES;
				GCC_WARN_UNINITIALIZED_AUTOS = YES_AGGRESSIVE;
				GCC_WARN_UNUSED_FUNCTION = YES;
				GCC_WARN_UNUSED_VARIABLE = YES;
				IPHONEOS_DEPLOYMENT_TARGET = 8.1;
				MTL_ENABLE_DEBUG_INFO = NO;
				SDKROOT = iphoneos;
				VALIDATE_PRODUCT = YES;
			};
			name = Release;
		};
		BEAC546A1A01178E00823F1B /* Debug */ = {
			isa = XCBuildConfiguration;
			buildSettings = {
				ASSETCATALOG_COMPILER_APPICON_NAME = AppIcon;
				INFOPLIST_FILE = FlappyPlane/Info.plist;
				LD_RUNPATH_SEARCH_PATHS = "$(inherited) @executable_path/Frameworks";
				PRODUCT_NAME = "$(TARGET_NAME)";
			};
			name = Debug;
		};
		BEAC546B1A01178E00823F1B /* Release */ = {
			isa = XCBuildConfiguration;
			buildSettings = {
				ASSETCATALOG_COMPILER_APPICON_NAME = AppIcon;
				INFOPLIST_FILE = FlappyPlane/Info.plist;
				LD_RUNPATH_SEARCH_PATHS = "$(inherited) @executable_path/Frameworks";
				PRODUCT_NAME = "$(TARGET_NAME)";
			};
			name = Release;
		};
		BEAC546D1A01178E00823F1B /* Debug */ = {
			isa = XCBuildConfiguration;
			buildSettings = {
				BUNDLE_LOADER = "$(TEST_HOST)";
				FRAMEWORK_SEARCH_PATHS = (
					"$(SDKROOT)/Developer/Library/Frameworks",
					"$(inherited)",
				);
				GCC_PREPROCESSOR_DEFINITIONS = (
					"DEBUG=1",
					"$(inherited)",
				);
				INFOPLIST_FILE = FlappyPlaneTests/Info.plist;
				LD_RUNPATH_SEARCH_PATHS = "$(inherited) @executable_path/Frameworks @loader_path/Frameworks";
				PRODUCT_NAME = "$(TARGET_NAME)";
				TEST_HOST = "$(BUILT_PRODUCTS_DIR)/FlappyPlane.app/FlappyPlane";
			};
			name = Debug;
		};
		BEAC546E1A01178E00823F1B /* Release */ = {
			isa = XCBuildConfiguration;
			buildSettings = {
				BUNDLE_LOADER = "$(TEST_HOST)";
				FRAMEWORK_SEARCH_PATHS = (
					"$(SDKROOT)/Developer/Library/Frameworks",
					"$(inherited)",
				);
				INFOPLIST_FILE = FlappyPlaneTests/Info.plist;
				LD_RUNPATH_SEARCH_PATHS = "$(inherited) @executable_path/Frameworks @loader_path/Frameworks";
				PRODUCT_NAME = "$(TARGET_NAME)";
				TEST_HOST = "$(BUILT_PRODUCTS_DIR)/FlappyPlane.app/FlappyPlane";
			};
			name = Release;
		};
/* End XCBuildConfiguration section */

/* Begin XCConfigurationList section */
		BEAC543C1A01178E00823F1B /* Build configuration list for PBXProject "FlappyPlane" */ = {
			isa = XCConfigurationList;
			buildConfigurations = (
				BEAC54671A01178E00823F1B /* Debug */,
				BEAC54681A01178E00823F1B /* Release */,
			);
			defaultConfigurationIsVisible = 0;
			defaultConfigurationName = Release;
		};
		BEAC54691A01178E00823F1B /* Build configuration list for PBXNativeTarget "FlappyPlane" */ = {
			isa = XCConfigurationList;
			buildConfigurations = (
				BEAC546A1A01178E00823F1B /* Debug */,
				BEAC546B1A01178E00823F1B /* Release */,
			);
			defaultConfigurationIsVisible = 0;
		};
		BEAC546C1A01178E00823F1B /* Build configuration list for PBXNativeTarget "FlappyPlaneTests" */ = {
			isa = XCConfigurationList;
			buildConfigurations = (
				BEAC546D1A01178E00823F1B /* Debug */,
				BEAC546E1A01178E00823F1B /* Release */,
			);
			defaultConfigurationIsVisible = 0;
		};
/* End XCConfigurationList section */
	};
	rootObject = BEAC54391A01178E00823F1B /* Project object */;
}
